dependencies:
  espressif/esp_websocket_client:
    component_hash: 723aba370113196c66321442426cd6452c351eef31c85c83bd1446831ef9f8f4
    dependencies:
    - name: idf
      require: private
      version: '>=5.0'
    source:
      registry_url: https://components.espressif.com/
      type: service
    version: 1.6.0
  idf:
    source:
      type: idf
    version: 5.5.1
direct_dependencies:
- espressif/esp_websocket_client
manifest_hash: e6a147a481574247274fad850d158a6f32f7714832cfde0e93d3b71c5a68ccfc
target: esp32
version: 2.0.0
